{
  "name": "SmartPost",
  "lockfileVersion": 3,
  "requires": true,
  "packages": {
    "": {
      "dependencies": {
        "@auth0/auth0-react": "^2.15.1"
      }
    },
    "node_modules/@auth0/auth0-auth-js": {
      "version": "1.5.0",
      "resolved": "https://registry.npmjs.org/@auth0/auth0-auth-js/-/auth0-auth-js-1.5.0.tgz",
      "integrity": "sha512-shahG7sRw6VxduRvnNcmbgL8V42z+kNR9LDih9ofY4eM8ygt07RUh58x7S1M80ENx9wcMqYUsJWMaVudgQHyjQ==",
      "license": "MIT",
      "dependencies": {
        "jose": "^6.0.8",
        "openid-client": "^6.8.0"
      }
    },
    "node_modules/@auth0/auth0-react": {
      "version": "2.15.1",
      "resolved": "https://registry.npmjs.org/@auth0/auth0-react/-/auth0-react-2.15.1.tgz",
      "integrity": "sha512-zcBh8xWO1cgUeN19tQueZHVzq7/O+yWc6MhKdQvoU0ima0wagl9SeyVmahg8aiBQqRcqT6C+y2+IOcnPGnI2Vw==",
      "license": "MIT",
      "dependencies": {
        "@auth0/auth0-spa-js": "^2.17.1"
      },
      "peerDependencies": {
        "react": "^16.11.0 || ^17 || ^18 || ~19.0.1 || ~19.1.2 || ^19.2.1",
        "react-dom": "^16.11.0 || ^17 || ^18 || ~19.0.1 || ~19.1.2 || ^19.2.1"
      }
    },
    "node_modules/@auth0/auth0-spa-js": {
      "version": "2.17.1",
      "resolved": "https://registry.npmjs.org/@auth0/auth0-spa-js/-/auth0-spa-js-2.17.1.tgz",
      "integrity": "sha512-ae51cZUZro2sGmztY/EwGuQaSoXouTKYByKymHMeybYA6QneV/iurL5CRDZZVg9uqeLUdmnpxtIgakYfaSNY5Q==",
      "license": "MIT",
      "dependencies": {
        "@auth0/auth0-auth-js": "1.5.0",
        "browser-tabs-lock": "1.3.0",
        "dpop": "2.1.1",
        "es-cookie": "1.3.2"
      }
    },
    "node_modules/browser-tabs-lock": {
      "version": "1.3.0",
      "resolved": "https://registry.npmjs.org/browser-tabs-lock/-/browser-tabs-lock-1.3.0.tgz",
      "integrity": "sha512-g6nHaobTiT0eMZ7jh16YpD2kcjAp+PInbiVq3M1x6KKaEIVhT4v9oURNIpZLOZ3LQbQ3XYfNhMAb/9hzNLIWrw==",
      "hasInstallScript": true,
      "license": "MIT",
      "dependencies": {
        "lodash": ">=4.17.21"
      }
    },
    "node_modules/dpop": {
      "version": "2.1.1",
      "resolved": "https://registry.npmjs.org/dpop/-/dpop-2.1.1.tgz",
      "integrity": "sha512-J0Of2JTiM4h5si0tlbPQ/lkqfZ5wAEVkKYBhkwyyANnPJfWH4VsR5uIkZ+T+OSPIwDYUg1fbd5Mmodd25HjY1w==",
      "license": "MIT",
      "funding": {
        "url": "https://github.com/sponsors/panva"
      }
    },
    "node_modules/es-cookie": {
      "version": "1.3.2",
      "resolved": "https://registry.npmjs.org/es-cookie/-/es-cookie-1.3.2.tgz",
      "integrity": "sha512-UTlYYhXGLOy05P/vKVT2Ui7WtC7NiRzGtJyAKKn32g5Gvcjn7KAClLPWlipCtxIus934dFg9o9jXiBL0nP+t9Q==",
      "license": "MIT"
    },
    "node_modules/jose": {
      "version": "6.2.1",
      "resolved": "https://registry.npmjs.org/jose/-/jose-6.2.1.tgz",
      "integrity": "sha512-jUaKr1yrbfaImV7R2TN/b3IcZzsw38/chqMpo2XJ7i2F8AfM/lA4G1goC3JVEwg0H7UldTmSt3P68nt31W7/mw==",
      "license": "MIT",
      "funding": {
        "url": "https://github.com/sponsors/panva"
      }
    },
    "node_modules/lodash": {
      "version": "4.17.23",
      "resolved": "https://registry.npmjs.org/lodash/-/lodash-4.17.23.tgz",
      "integrity": "sha512-LgVTMpQtIopCi79SJeDiP0TfWi5CNEc/L/aRdTh3yIvmZXTnheWpKjSZhnvMl8iXbC1tFg9gdHHDMLoV7CnG+w==",
      "license": "MIT"
    },
    "node_modules/oauth4webapi": {
      "version": "3.8.5",
      "resolved": "https://registry.npmjs.org/oauth4webapi/-/oauth4webapi-3.8.5.tgz",
      "integrity": "sha512-A8jmyUckVhRJj5lspguklcl90Ydqk61H3dcU0oLhH3Yv13KpAliKTt5hknpGGPZSSfOwGyraNEFmofDYH+1kSg==",
      "license": "MIT",
      "funding": {
        "url": "https://github.com/sponsors/panva"
      }
    },
    "node_modules/openid-client": {
      "version": "6.8.2",
      "resolved": "https://registry.npmjs.org/openid-client/-/openid-client-6.8.2.tgz",
      "integrity": "sha512-uOvTCndr4udZsKihJ68H9bUICrriHdUVJ6Az+4Ns6cW55rwM5h0bjVIzDz2SxgOI84LKjFyjOFvERLzdTUROGA==",
      "license": "MIT",
      "dependencies": {
        "jose": "^6.1.3",
        "oauth4webapi": "^3.8.4"
      },
      "funding": {
        "url": "https://github.com/sponsors/panva"
      }
    },
    "node_modules/react": {
      "version": "19.2.1",
      "resolved": "https://registry.npmjs.org/react/-/react-19.2.1.tgz",
      "integrity": "sha512-DGrYcCWK7tvYMnWh79yrPHt+vdx9tY+1gPZa7nJQtO/p8bLTDaHp4dzwEhQB7pZ4Xe3ok4XKuEPrVuc+wlpkmw==",
      "license": "MIT",
      "peer": true,
      "engines": {
        "node": ">=0.10.0"
      }
    },
    "node_modules/react-dom": {
      "version": "19.2.1",
      "resolved": "https://registry.npmjs.org/react-dom/-/react-dom-19.2.1.tgz",
      "integrity": "sha512-ibrK8llX2a4eOskq1mXKu/TGZj9qzomO+sNfO98M6d9zIPOEhlBkMkBUBLd1vgS0gQsLDBzA+8jJBVXDnfHmJg==",
      "license": "MIT",
      "peer": true,
      "dependencies": {
        "scheduler": "^0.27.0"
      },
      "peerDependencies": {
        "react": "^19.2.1"
      }
    },
    "node_modules/scheduler": {
      "version": "0.27.0",
      "resolved": "https://registry.npmjs.org/scheduler/-/scheduler-0.27.0.tgz",
      "integrity": "sha512-eNv+WrVbKu1f3vbYJT/xtiF5syA5HPIMtf9IgY/nKg0sWqzAUEvqY/xm7OcZc/qafLx/iO9FgOmeSAp4v5ti/Q==",
      "license": "MIT"
    }
  }
}
